
Microsoft Visual Studio Solution File, Format Version 12.00
# Visual Studio Version 16
VisualStudioVersion = 16.0.31105.61
MinimumVisualStudioVersion = 10.0.40219.1
Project("{9A19103F-16F7-4668-BE54-9A1E7A4F7556}") = "Models", "Models\Models.csproj", "{00B56C11-5C27-417D-9765-8FFB1A319951}"
EndProject
Project("{9A19103F-16F7-4668-BE54-9A1E7A4F7556}") = "Data", "Data\Data.csproj", "{8F6F8784-22D3-43CA-A58C-365735EDA455}"
EndProject
Project("{9A19103F-16F7-4668-BE54-9A1E7A4F7556}") = "Services", "Services\Services.csproj", "{9AC5FAB8-779C-4649-A926-29EA6842D547}"
EndProject
Project("{9A19103F-16F7-4668-BE54-9A1E7A4F7556}") = "Infrastructure", "Infrastructure\Infrastructure.csproj", "{05FB962E-FB65-4BF8-869B-F8EEE40FD9A2}"
EndProject
Project("{9A19103F-16F7-4668-BE54-9A1E7A4F7556}") = "TestConsoleApp", "TestConsoleApp\TestConsoleApp.csproj", "{5D354E0B-AE92-4B08-A8CD-EE4B172CA978}"
EndProject
Project("{FAE04EC0-301F-11D3-BF4B-00C04F79EFBC}") = "API", "API\API.csproj", "{53CF6CD8-6A51-4638-95F5-0249279735DE}"
EndProject
Global
	GlobalSection(SolutionConfigurationPlatforms) = preSolution
		Debug|Any CPU = Debug|Any CPU
		Release|Any CPU = Release|Any CPU
	EndGlobalSection
	GlobalSection(ProjectConfigurationPlatforms) = postSolution
		{00B56C11-5C27-417D-9765-8FFB1A319951}.Debug|Any CPU.ActiveCfg = Debug|Any CPU
		{00B56C11-5C27-417D-9765-8FFB1A319951}.Debug|Any CPU.Build.0 = Debug|Any CPU
		{00B56C11-5C27-417D-9765-8FFB1A319951}.Release|Any CPU.ActiveCfg = Release|Any CPU
		{00B56C11-5C27-417D-9765-8FFB1A319951}.Release|Any CPU.Build.0 = Release|Any CPU
		{8F6F8784-22D3-43CA-A58C-365735EDA455}.Debug|Any CPU.ActiveCfg = Debug|Any CPU
		{8F6F8784-22D3-43CA-A58C-365735EDA455}.Debug|Any CPU.Build.0 = Debug|Any CPU
		{8F6F8784-22D3-43CA-A58C-365735EDA455}.Release|Any CPU.ActiveCfg = Release|Any CPU
		{8F6F8784-22D3-43CA-A58C-365735EDA455}.Release|Any CPU.Build.0 = Release|Any CPU
		{9AC5FAB8-779C-4649-A926-29EA6842D547}.Debug|Any CPU.ActiveCfg = Debug|Any CPU
		{9AC5FAB8-779C-4649-A926-29EA6842D547}.Debug|Any CPU.Build.0 = Debug|Any CPU
		{9AC5FAB8-779C-4649-A926-29EA6842D547}.Release|Any CPU.ActiveCfg = Release|Any CPU
		{9AC5FAB8-779C-4649-A926-29EA6842D547}.Release|Any CPU.Build.0 = Release|Any CPU
		{05FB962E-FB65-4BF8-869B-F8EEE40FD9A2}.Debug|Any CPU.ActiveCfg = Debug|Any CPU
		{05FB962E-FB65-4BF8-869B-F8EEE40FD9A2}.Debug|Any CPU.Build.0 = Debug|Any CPU
		{05FB962E-FB65-4BF8-869B-F8EEE40FD9A2}.Release|Any CPU.ActiveCfg = Release|Any CPU
		{05FB962E-FB65-4BF8-869B-F8EEE40FD9A2}.Release|Any CPU.Build.0 = Release|Any CPU
		{5D354E0B-AE92-4B08-A8CD-EE4B172CA978}.Debug|Any CPU.ActiveCfg = Debug|Any CPU
		{5D354E0B-AE92-4B08-A8CD-EE4B172CA978}.Debug|Any CPU.Build.0 = Debug|Any CPU
		{5D354E0B-AE92-4B08-A8CD-EE4B172CA978}.Release|Any CPU.ActiveCfg = Release|Any CPU
		{5D354E0B-AE92-4B08-A8CD-EE4B172CA978}.Release|Any CPU.Build.0 = Release|Any CPU
		{53CF6CD8-6A51-4638-95F5-0249279735DE}.Debug|Any CPU.ActiveCfg = Debug|Any CPU
		{53CF6CD8-6A51-4638-95F5-0249279735DE}.Debug|Any CPU.Build.0 = Debug|Any CPU
		{53CF6CD8-6A51-4638-95F5-0249279735DE}.Release|Any CPU.ActiveCfg = Release|Any CPU
		{53CF6CD8-6A51-4638-95F5-0249279735DE}.Release|Any CPU.Build.0 = Release|Any CPU
	EndGlobalSection
	GlobalSection(SolutionProperties) = preSolution
		HideSolutionNode = FALSE
	EndGlobalSection
	GlobalSection(ExtensibilityGlobals) = postSolution
		SolutionGuid = {2587DBC2-7C96-4CBE-B580-F6F3B0471A1B}
	EndGlobalSection
EndGlobal
