
Microsoft Visual Studio Solution File, Format Version 12.00
# Visual Studio Version 16
VisualStudioVersion = 16.0.31105.61
MinimumVisualStudioVersion = 10.0.40219.1
Project("{FAE04EC0-301F-11D3-BF4B-00C04F79EFBC}") = "Models", "Models\Models.csproj", "{00B56C11-5C27-417D-9765-8FFB1A319951}"
EndProject
Project("{FAE04EC0-301F-11D3-BF4B-00C04F79EFBC}") = "Data", "Data\Data.csproj", "{8F6F8784-22D3-43CA-A58C-365735EDA455}"
EndProject
Global
	GlobalSection(SolutionConfigurationPlatforms) = preSolution
		Debug|Any CPU = Debug|Any CPU
		Release|Any CPU = Release|Any CPU
	EndGlobalSection
	GlobalSection(ProjectConfigurationPlatforms) = postSolution
		{00B56C11-5C27-417D-9765-8FFB1A319951}.Debug|Any CPU.ActiveCfg = Debug|Any CPU
		{00B56C11-5C27-417D-9765-8FFB1A319951}.Debug|Any CPU.Build.0 = Debug|Any CPU
		{00B56C11-5C27-417D-9765-8FFB1A319951}.Release|Any CPU.ActiveCfg = Release|Any CPU
		{00B56C11-5C27-417D-9765-8FFB1A319951}.Release|Any CPU.Build.0 = Release|Any CPU
		{8F6F8784-22D3-43CA-A58C-365735EDA455}.Debug|Any CPU.ActiveCfg = Debug|Any CPU
		{8F6F8784-22D3-43CA-A58C-365735EDA455}.Debug|Any CPU.Build.0 = Debug|Any CPU
		{8F6F8784-22D3-43CA-A58C-365735EDA455}.Release|Any CPU.ActiveCfg = Release|Any CPU
		{8F6F8784-22D3-43CA-A58C-365735EDA455}.Release|Any CPU.Build.0 = Release|Any CPU
	EndGlobalSection
	GlobalSection(SolutionProperties) = preSolution
		HideSolutionNode = FALSE
	EndGlobalSection
	GlobalSection(ExtensibilityGlobals) = postSolution
		SolutionGuid = {2587DBC2-7C96-4CBE-B580-F6F3B0471A1B}
	EndGlobalSection
EndGlobal
