
Microsoft Visual Studio Solution File, Format Version 12.00
# Visual Studio Version 16
VisualStudioVersion = 16.0.31105.61
MinimumVisualStudioVersion = 10.0.40219.1
Project("{FAE04EC0-301F-11D3-BF4B-00C04F79EFBC}") = "Models", "Models\Models.csproj", "{78083B90-54B7-4963-B06E-C198A04E8D0A}"
EndProject
Global
	GlobalSection(SolutionConfigurationPlatforms) = preSolution
		Debug|Any CPU = Debug|Any CPU
		Release|Any CPU = Release|Any CPU
	EndGlobalSection
	GlobalSection(ProjectConfigurationPlatforms) = postSolution
		{78083B90-54B7-4963-B06E-C198A04E8D0A}.Debug|Any CPU.ActiveCfg = Debug|Any CPU
		{78083B90-54B7-4963-B06E-C198A04E8D0A}.Debug|Any CPU.Build.0 = Debug|Any CPU
		{78083B90-54B7-4963-B06E-C198A04E8D0A}.Release|Any CPU.ActiveCfg = Release|Any CPU
		{78083B90-54B7-4963-B06E-C198A04E8D0A}.Release|Any CPU.Build.0 = Release|Any CPU
	EndGlobalSection
	GlobalSection(SolutionProperties) = preSolution
		HideSolutionNode = FALSE
	EndGlobalSection
	GlobalSection(ExtensibilityGlobals) = postSolution
		SolutionGuid = {C574B0E6-34C5-4FE8-9D5B-5DCBCAEF98D5}
	EndGlobalSection
EndGlobal
